
Microsoft Visual Studio Solution File, Format Version 12.00
# Visual Studio Version 17
VisualStudioVersion = 17.3.32929.385
MinimumVisualStudioVersion = 10.0.40219.1
Project("{FAE04EC0-301F-11D3-BF4B-00C04F79EFBC}") = "SpotifyPlaylistScraper", "SpotifyPlaylistScraper\SpotifyPlaylistScraper.csproj", "{988494E0-0D6E-43D8-BC95-4473BF1E7510}"
EndProject
Global
	GlobalSection(SolutionConfigurationPlatforms) = preSolution
		Debug|Any CPU = Debug|Any CPU
		Release|Any CPU = Release|Any CPU
	EndGlobalSection
	GlobalSection(ProjectConfigurationPlatforms) = postSolution
		{988494E0-0D6E-43D8-BC95-4473BF1E7510}.Debug|Any CPU.ActiveCfg = Debug|Any CPU
		{988494E0-0D6E-43D8-BC95-4473BF1E7510}.Debug|Any CPU.Build.0 = Debug|Any CPU
		{988494E0-0D6E-43D8-BC95-4473BF1E7510}.Release|Any CPU.ActiveCfg = Release|Any CPU
		{988494E0-0D6E-43D8-BC95-4473BF1E7510}.Release|Any CPU.Build.0 = Release|Any CPU
	EndGlobalSection
	GlobalSection(SolutionProperties) = preSolution
		HideSolutionNode = FALSE
	EndGlobalSection
	GlobalSection(ExtensibilityGlobals) = postSolution
		SolutionGuid = {2C7DFD46-2675-40F0-9D3D-0B52B338582D}
	EndGlobalSection
EndGlobal
